
Microsoft Visual Studio Solution File, Format Version 12.00
# Visual Studio Version 17
VisualStudioVersion = 17.5.002.0
MinimumVisualStudioVersion = 10.0.40219.1
Project("{9A19103F-16F7-4668-BE54-9A1E7A4F7556}") = "WuWarDotNet", "WuWarDotNet.csproj", "{C965EF81-37FF-4957-9067-FCE6B86F181D}"
EndProject
Global
	GlobalSection(SolutionConfigurationPlatforms) = preSolution
		Debug|Any CPU = Debug|Any CPU
		Release|Any CPU = Release|Any CPU
	EndGlobalSection
	GlobalSection(ProjectConfigurationPlatforms) = postSolution
		{C965EF81-37FF-4957-9067-FCE6B86F181D}.Debug|Any CPU.ActiveCfg = Debug|Any CPU
		{C965EF81-37FF-4957-9067-FCE6B86F181D}.Debug|Any CPU.Build.0 = Debug|Any CPU
		{C965EF81-37FF-4957-9067-FCE6B86F181D}.Release|Any CPU.ActiveCfg = Release|Any CPU
		{C965EF81-37FF-4957-9067-FCE6B86F181D}.Release|Any CPU.Build.0 = Release|Any CPU
	EndGlobalSection
	GlobalSection(SolutionProperties) = preSolution
		HideSolutionNode = FALSE
	EndGlobalSection
	GlobalSection(ExtensibilityGlobals) = postSolution
		SolutionGuid = {D4E3BDDC-5C97-4C5C-BEAF-310C04DB6327}
	EndGlobalSection
EndGlobal
